// !$*UTF8*$!
{
	archiveVersion = 1;
	classes = {
	};
	objectVersion = 77;
	objects = {

/* Begin PBXBuildFile section */
		335B546426603A73255EA658 /* Assets.xcassets in Resources */ = {isa = PBXBuildFile; fileRef = 04CE72A32B057AF34315A687 /* Assets.xcassets */; };
		75728C6B078B8CA3DF3E48F2 /* LaunchScreen.storyboard in Resources */ = {isa = PBXBuildFile; fileRef = 842D964FA779369FD2CC5622 /* LaunchScreen.storyboard */; };
		7AE8DD45CFAABEA588534825 /* Models.swift in Sources */ = {isa = PBXBuildFile; fileRef = 6C70678821C24B83A931265E /* Models.swift */; };
		85C2FFD6A1EB8208C5FAFF2A /* NewTaskView.swift in Sources */ = {isa = PBXBuildFile; fileRef = EB144C6F79E25621FFD9DC15 /* NewTaskView.swift */; };
		8B653774277C4B703AC70717 /* APIClient.swift in Sources */ = {isa = PBXBuildFile; fileRef = C0CE2347B17F8F944B0EBF41 /* APIClient.swift */; };
		93A49E38F2F39002A2491758 /* RootView.swift in Sources */ = {isa = PBXBuildFile; fileRef = 7438B91A0414A39FC580F202 /* RootView.swift */; };
		9FF46892591C672CE8FB1E6D /* CodexControlPlaneApp.swift in Sources */ = {isa = PBXBuildFile; fileRef = 09CEBBDB4F45CD4A3B3A8B81 /* CodexControlPlaneApp.swift */; };
		A0EA80E985AA5B71CB1C7204 /* Localizable.strings in Resources */ = {isa = PBXBuildFile; fileRef = 22E1848C02FEDE6BAE6777BE /* Localizable.strings */; };
		A190361CD636A6BE46EBC343 /* ControlPlaneStore.swift in Sources */ = {isa = PBXBuildFile; fileRef = 83893467B84C319C21A5BE57 /* ControlPlaneStore.swift */; };
		D558719F7F164C10B1B3B8BB /* TasksView.swift in Sources */ = {isa = PBXBuildFile; fileRef = 5E1FE1C32BCB69B4B0597E1D /* TasksView.swift */; };
		E36FA621988D9292449A65FD /* SettingsView.swift in Sources */ = {isa = PBXBuildFile; fileRef = 6CE0AB5682EBE16A24BAD1C6 /* SettingsView.swift */; };
		EA178C9502EFCC8275854FDE /* HealthView.swift in Sources */ = {isa = PBXBuildFile; fileRef = 0B7F28245653BFEF3F37E1FA /* HealthView.swift */; };
		F8025A6668B255267F51B935 /* TaskDetailView.swift in Sources */ = {isa = PBXBuildFile; fileRef = E1AFE5E6C4DC7373C705DB5C /* TaskDetailView.swift */; };
/* End PBXBuildFile section */

/* Begin PBXFileReference section */
		04CE72A32B057AF34315A687 /* Assets.xcassets */ = {isa = PBXFileReference; lastKnownFileType = folder.assetcatalog; path = Assets.xcassets; sourceTree = "<group>"; };
		09CEBBDB4F45CD4A3B3A8B81 /* CodexControlPlaneApp.swift */ = {isa = PBXFileReference; lastKnownFileType = sourcecode.swift; path = CodexControlPlaneApp.swift; sourceTree = "<group>"; };
		0B7F28245653BFEF3F37E1FA /* HealthView.swift */ = {isa = PBXFileReference; lastKnownFileType = sourcecode.swift; path = HealthView.swift; sourceTree = "<group>"; };
		356ADF656000D60ABCE57E4D /* en */ = {isa = PBXFileReference; lastKnownFileType = text.plist.strings; name = en; path = en.lproj/Localizable.strings; sourceTree = "<group>"; };
		5E1FE1C32BCB69B4B0597E1D /* TasksView.swift */ = {isa = PBXFileReference; lastKnownFileType = sourcecode.swift; path = TasksView.swift; sourceTree = "<group>"; };
		6C70678821C24B83A931265E /* Models.swift */ = {isa = PBXFileReference; lastKnownFileType = sourcecode.swift; path = Models.swift; sourceTree = "<group>"; };
		6CE0AB5682EBE16A24BAD1C6 /* SettingsView.swift */ = {isa = PBXFileReference; lastKnownFileType = sourcecode.swift; path = SettingsView.swift; sourceTree = "<group>"; };
		7438B91A0414A39FC580F202 /* RootView.swift */ = {isa = PBXFileReference; lastKnownFileType = sourcecode.swift; path = RootView.swift; sourceTree = "<group>"; };
		83893467B84C319C21A5BE57 /* ControlPlaneStore.swift */ = {isa = PBXFileReference; lastKnownFileType = sourcecode.swift; path = ControlPlaneStore.swift; sourceTree = "<group>"; };
		842D964FA779369FD2CC5622 /* LaunchScreen.storyboard */ = {isa = PBXFileReference; lastKnownFileType = file.storyboard; path = LaunchScreen.storyboard; sourceTree = "<group>"; };
		C0CE2347B17F8F944B0EBF41 /* APIClient.swift */ = {isa = PBXFileReference; lastKnownFileType = sourcecode.swift; path = APIClient.swift; sourceTree = "<group>"; };
		C83CB9BF1AC266C56A208E84 /* zh-Hans */ = {isa = PBXFileReference; lastKnownFileType = text.plist.strings; name = "zh-Hans"; path = "zh-Hans.lproj/Localizable.strings"; sourceTree = "<group>"; };
		E1AFE5E6C4DC7373C705DB5C /* TaskDetailView.swift */ = {isa = PBXFileReference; lastKnownFileType = sourcecode.swift; path = TaskDetailView.swift; sourceTree = "<group>"; };
		EB144C6F79E25621FFD9DC15 /* NewTaskView.swift */ = {isa = PBXFileReference; lastKnownFileType = sourcecode.swift; path = NewTaskView.swift; sourceTree = "<group>"; };
		F351022600C909CF184324AD /* CodexControlPlaneApp.app */ = {isa = PBXFileReference; includeInIndex = 0; lastKnownFileType = wrapper.application; path = CodexControlPlaneApp.app; sourceTree = BUILT_PRODUCTS_DIR; };
/* End PBXFileReference section */

/* Begin PBXGroup section */
		083A5CBF5945844CCAC97F37 /* Resources */ = {
			isa = PBXGroup;
			children = (
				04CE72A32B057AF34315A687 /* Assets.xcassets */,
				842D964FA779369FD2CC5622 /* LaunchScreen.storyboard */,
				22E1848C02FEDE6BAE6777BE /* Localizable.strings */,
			);
			name = Resources;
			path = CodexControlPlaneApp/Resources;
			sourceTree = "<group>";
		};
		477C0ECC72736C97173A57D9 = {
			isa = PBXGroup;
			children = (
				083A5CBF5945844CCAC97F37 /* Resources */,
				69CB471C824E9047CE03A8C3 /* Sources */,
				922E5EE8F361B542F79D56BB /* Products */,
			);
			sourceTree = "<group>";
		};
		69CB471C824E9047CE03A8C3 /* Sources */ = {
			isa = PBXGroup;
			children = (
				C0CE2347B17F8F944B0EBF41 /* APIClient.swift */,
				09CEBBDB4F45CD4A3B3A8B81 /* CodexControlPlaneApp.swift */,
				83893467B84C319C21A5BE57 /* ControlPlaneStore.swift */,
				6C70678821C24B83A931265E /* Models.swift */,
				7438B91A0414A39FC580F202 /* RootView.swift */,
				E4532E6E0B847EA1A31105DE /* Views */,
			);
			name = Sources;
			path = CodexControlPlaneApp/Sources;
			sourceTree = "<group>";
		};
		922E5EE8F361B542F79D56BB /* Products */ = {
			isa = PBXGroup;
			children = (
				F351022600C909CF184324AD /* CodexControlPlaneApp.app */,
			);
			name = Products;
			sourceTree = "<group>";
		};
		E4532E6E0B847EA1A31105DE /* Views */ = {
			isa = PBXGroup;
			children = (
				0B7F28245653BFEF3F37E1FA /* HealthView.swift */,
				EB144C6F79E25621FFD9DC15 /* NewTaskView.swift */,
				6CE0AB5682EBE16A24BAD1C6 /* SettingsView.swift */,
				E1AFE5E6C4DC7373C705DB5C /* TaskDetailView.swift */,
				5E1FE1C32BCB69B4B0597E1D /* TasksView.swift */,
			);
			path = Views;
			sourceTree = "<group>";
		};
/* End PBXGroup section */

/* Begin PBXNativeTarget section */
		AC3DE5D16782FE6F43AA4EFD /* CodexControlPlaneApp */ = {
			isa = PBXNativeTarget;
			buildConfigurationList = A0350FBC0F42D5491A128944 /* Build configuration list for PBXNativeTarget "CodexControlPlaneApp" */;
			buildPhases = (
				80B03DAC9C77D17989B8A858 /* Sources */,
				02CADF8864E0E54AE6A599CE /* Resources */,
			);
			buildRules = (
			);
			dependencies = (
			);
			name = CodexControlPlaneApp;
			packageProductDependencies = (
			);
			productName = CodexControlPlaneApp;
			productReference = F351022600C909CF184324AD /* CodexControlPlaneApp.app */;
			productType = "com.apple.product-type.application";
		};
/* End PBXNativeTarget section */

/* Begin PBXProject section */
		6A332555F07B2D84964C7E12 /* Project object */ = {
			isa = PBXProject;
			attributes = {
				BuildIndependentTargetsInParallel = YES;
				LastUpgradeCheck = 1430;
				TargetAttributes = {
					AC3DE5D16782FE6F43AA4EFD = {
						ProvisioningStyle = Automatic;
					};
				};
			};
			buildConfigurationList = ECF68DDF1EF608AEF44636FF /* Build configuration list for PBXProject "CodexControlPlaneIPhone" */;
			compatibilityVersion = "Xcode 14.0";
			developmentRegion = en;
			hasScannedForEncodings = 0;
			knownRegions = (
				Base,
				en,
				"zh-Hans",
			);
			mainGroup = 477C0ECC72736C97173A57D9;
			minimizedProjectReferenceProxies = 1;
			preferredProjectObjectVersion = 77;
			projectDirPath = "";
			projectRoot = "";
			targets = (
				AC3DE5D16782FE6F43AA4EFD /* CodexControlPlaneApp */,
			);
		};
/* End PBXProject section */

/* Begin PBXResourcesBuildPhase section */
		02CADF8864E0E54AE6A599CE /* Resources */ = {
			isa = PBXResourcesBuildPhase;
			buildActionMask = 2147483647;
			files = (
				335B546426603A73255EA658 /* Assets.xcassets in Resources */,
				75728C6B078B8CA3DF3E48F2 /* LaunchScreen.storyboard in Resources */,
				A0EA80E985AA5B71CB1C7204 /* Localizable.strings in Resources */,
			);
			runOnlyForDeploymentPostprocessing = 0;
		};
/* End PBXResourcesBuildPhase section */

/* Begin PBXSourcesBuildPhase section */
		80B03DAC9C77D17989B8A858 /* Sources */ = {
			isa = PBXSourcesBuildPhase;
			buildActionMask = 2147483647;
			files = (
				8B653774277C4B703AC70717 /* APIClient.swift in Sources */,
				9FF46892591C672CE8FB1E6D /* CodexControlPlaneApp.swift in Sources */,
				A190361CD636A6BE46EBC343 /* ControlPlaneStore.swift in Sources */,
				EA178C9502EFCC8275854FDE /* HealthView.swift in Sources */,
				7AE8DD45CFAABEA588534825 /* Models.swift in Sources */,
				85C2FFD6A1EB8208C5FAFF2A /* NewTaskView.swift in Sources */,
				93A49E38F2F39002A2491758 /* RootView.swift in Sources */,
				E36FA621988D9292449A65FD /* SettingsView.swift in Sources */,
				F8025A6668B255267F51B935 /* TaskDetailView.swift in Sources */,
				D558719F7F164C10B1B3B8BB /* TasksView.swift in Sources */,
			);
			runOnlyForDeploymentPostprocessing = 0;
		};
/* End PBXSourcesBuildPhase section */

/* Begin PBXVariantGroup section */
		22E1848C02FEDE6BAE6777BE /* Localizable.strings */ = {
			isa = PBXVariantGroup;
			children = (
				356ADF656000D60ABCE57E4D /* en */,
				C83CB9BF1AC266C56A208E84 /* zh-Hans */,
			);
			name = Localizable.strings;
			sourceTree = "<group>";
		};
/* End PBXVariantGroup section */

/* Begin XCBuildConfiguration section */
		244DEC95C4555B13D46ED83F /* Debug */ = {
			isa = XCBuildConfiguration;
			buildSettings = {
				ALWAYS_SEARCH_USER_PATHS = NO;
				CLANG_ANALYZER_NONNULL = YES;
				CLANG_ANALYZER_NUMBER_OBJECT_CONVERSION = YES_AGGRESSIVE;
				CLANG_CXX_LANGUAGE_STANDARD = "gnu++14";
				CLANG_CXX_LIBRARY = "libc++";
				CLANG_ENABLE_MODULES = YES;
				CLANG_ENABLE_OBJC_ARC = YES;
				CLANG_ENABLE_OBJC_WEAK = YES;
				CLANG_WARN_BLOCK_CAPTURE_AUTORELEASING = YES;
				CLANG_WARN_BOOL_CONVERSION = YES;
				CLANG_WARN_COMMA = YES;
				CLANG_WARN_CONSTANT_CONVERSION = YES;
				CLANG_WARN_DEPRECATED_OBJC_IMPLEMENTATIONS = YES;
				CLANG_WARN_DIRECT_OBJC_ISA_USAGE = YES_ERROR;
				CLANG_WARN_DOCUMENTATION_COMMENTS = YES;
				CLANG_WARN_EMPTY_BODY = YES;
				CLANG_WARN_ENUM_CONVERSION = YES;
				CLANG_WARN_INFINITE_RECURSION = YES;
				CLANG_WARN_INT_CONVERSION = YES;
				CLANG_WARN_NON_LITERAL_NULL_CONVERSION = YES;
				CLANG_WARN_OBJC_IMPLICIT_RETAIN_SELF = YES;
				CLANG_WARN_OBJC_LITERAL_CONVERSION = YES;
				CLANG_WARN_OBJC_ROOT_CLASS = YES_ERROR;
				CLANG_WARN_QUOTED_INCLUDE_IN_FRAMEWORK_HEADER = YES;
				CLANG_WARN_RANGE_LOOP_ANALYSIS = YES;
				CLANG_WARN_STRICT_PROTOTYPES = YES;
				CLANG_WARN_SUSPICIOUS_MOVE = YES;
				CLANG_WARN_UNGUARDED_AVAILABILITY = YES_AGGRESSIVE;
				CLANG_WARN_UNREACHABLE_CODE = YES;
				CLANG_WARN__DUPLICATE_METHOD_MATCH = YES;
				COPY_PHASE_STRIP = NO;
				DEBUG_INFORMATION_FORMAT = dwarf;
				ENABLE_STRICT_OBJC_MSGSEND = YES;
				ENABLE_TESTABILITY = YES;
				GCC_C_LANGUAGE_STANDARD = gnu11;
				GCC_DYNAMIC_NO_PIC = NO;
				GCC_NO_COMMON_BLOCKS = YES;
				GCC_OPTIMIZATION_LEVEL = 0;
				GCC_PREPROCESSOR_DEFINITIONS = (
					"$(inherited)",
					"DEBUG=1",
				);
				GCC_WARN_64_TO_32_BIT_CONVERSION = YES;
				GCC_WARN_ABOUT_RETURN_TYPE = YES_ERROR;
				GCC_WARN_UNDECLARED_SELECTOR = YES;
				GCC_WARN_UNINITIALIZED_AUTOS = YES_AGGRESSIVE;
				GCC_WARN_UNUSED_FUNCTION = YES;
				GCC_WARN_UNUSED_VARIABLE = YES;
				IPHONEOS_DEPLOYMENT_TARGET = 17.0;
				MTL_ENABLE_DEBUG_INFO = INCLUDE_SOURCE;
				MTL_FAST_MATH = YES;
				ONLY_ACTIVE_ARCH = YES;
				PRODUCT_NAME = "$(TARGET_NAME)";
				SDKROOT = iphoneos;
				SWIFT_ACTIVE_COMPILATION_CONDITIONS = DEBUG;
				SWIFT_OPTIMIZATION_LEVEL = "-Onone";
				SWIFT_VERSION = 5.0;
			};
			name = Debug;
		};
		246A1A68D0CE0F09A0907261 /* Release */ = {
			isa = XCBuildConfiguration;
			buildSettings = {
				ASSETCATALOG_COMPILER_APPICON_NAME = AppIcon;
				CODE_SIGN_IDENTITY = "iPhone Developer";
				CODE_SIGN_STYLE = Automatic;
				CURRENT_PROJECT_VERSION = 1;
				GENERATE_INFOPLIST_FILE = YES;
				INFOPLIST_KEY_CFBundleDisplayName = CodexCP;
				INFOPLIST_KEY_UIApplicationSupportsIndirectInputEvents = YES;
				INFOPLIST_KEY_UILaunchStoryboardName = LaunchScreen;
				INFOPLIST_KEY_UISupportedInterfaceOrientations_iPhone = (
					UIInterfaceOrientationPortrait,
				);
				LD_RUNPATH_SEARCH_PATHS = (
					"$(inherited)",
					"@executable_path/Frameworks",
				);
				MARKETING_VERSION = 1.0.0;
				PRODUCT_BUNDLE_IDENTIFIER = com.yourorg.codexrelay.controlplane;
				PRODUCT_NAME = CodexControlPlane;
				SDKROOT = iphoneos;
				TARGETED_DEVICE_FAMILY = 1;
			};
			name = Release;
		};
		25624F4E6E6BAAC13EECE693 /* Debug */ = {
			isa = XCBuildConfiguration;
			buildSettings = {
				ASSETCATALOG_COMPILER_APPICON_NAME = AppIcon;
				CODE_SIGN_IDENTITY = "iPhone Developer";
				CODE_SIGN_STYLE = Automatic;
				CURRENT_PROJECT_VERSION = 1;
				GENERATE_INFOPLIST_FILE = YES;
				INFOPLIST_KEY_CFBundleDisplayName = CodexCP;
				INFOPLIST_KEY_UIApplicationSupportsIndirectInputEvents = YES;
				INFOPLIST_KEY_UILaunchStoryboardName = LaunchScreen;
				INFOPLIST_KEY_UISupportedInterfaceOrientations_iPhone = (
					UIInterfaceOrientationPortrait,
				);
				LD_RUNPATH_SEARCH_PATHS = (
					"$(inherited)",
					"@executable_path/Frameworks",
				);
				MARKETING_VERSION = 1.0.0;
				PRODUCT_BUNDLE_IDENTIFIER = com.yourorg.codexrelay.controlplane;
				PRODUCT_NAME = CodexControlPlane;
				SDKROOT = iphoneos;
				TARGETED_DEVICE_FAMILY = 1;
			};
			name = Debug;
		};
		7D0FF3C4C8FCF4C6C79474BB /* Release */ = {
			isa = XCBuildConfiguration;
			buildSettings = {
				ALWAYS_SEARCH_USER_PATHS = NO;
				CLANG_ANALYZER_NONNULL = YES;
				CLANG_ANALYZER_NUMBER_OBJECT_CONVERSION = YES_AGGRESSIVE;
				CLANG_CXX_LANGUAGE_STANDARD = "gnu++14";
				CLANG_CXX_LIBRARY = "libc++";
				CLANG_ENABLE_MODULES = YES;
				CLANG_ENABLE_OBJC_ARC = YES;
				CLANG_ENABLE_OBJC_WEAK = YES;
				CLANG_WARN_BLOCK_CAPTURE_AUTORELEASING = YES;
				CLANG_WARN_BOOL_CONVERSION = YES;
				CLANG_WARN_COMMA = YES;
				CLANG_WARN_CONSTANT_CONVERSION = YES;
				CLANG_WARN_DEPRECATED_OBJC_IMPLEMENTATIONS = YES;
				CLANG_WARN_DIRECT_OBJC_ISA_USAGE = YES_ERROR;
				CLANG_WARN_DOCUMENTATION_COMMENTS = YES;
				CLANG_WARN_EMPTY_BODY = YES;
				CLANG_WARN_ENUM_CONVERSION = YES;
				CLANG_WARN_INFINITE_RECURSION = YES;
				CLANG_WARN_INT_CONVERSION = YES;
				CLANG_WARN_NON_LITERAL_NULL_CONVERSION = YES;
				CLANG_WARN_OBJC_IMPLICIT_RETAIN_SELF = YES;
				CLANG_WARN_OBJC_LITERAL_CONVERSION = YES;
				CLANG_WARN_OBJC_ROOT_CLASS = YES_ERROR;
				CLANG_WARN_QUOTED_INCLUDE_IN_FRAMEWORK_HEADER = YES;
				CLANG_WARN_RANGE_LOOP_ANALYSIS = YES;
				CLANG_WARN_STRICT_PROTOTYPES = YES;
				CLANG_WARN_SUSPICIOUS_MOVE = YES;
				CLANG_WARN_UNGUARDED_AVAILABILITY = YES_AGGRESSIVE;
				CLANG_WARN_UNREACHABLE_CODE = YES;
				CLANG_WARN__DUPLICATE_METHOD_MATCH = YES;
				COPY_PHASE_STRIP = NO;
				DEBUG_INFORMATION_FORMAT = "dwarf-with-dsym";
				ENABLE_NS_ASSERTIONS = NO;
				ENABLE_STRICT_OBJC_MSGSEND = YES;
				GCC_C_LANGUAGE_STANDARD = gnu11;
				GCC_NO_COMMON_BLOCKS = YES;
				GCC_WARN_64_TO_32_BIT_CONVERSION = YES;
				GCC_WARN_ABOUT_RETURN_TYPE = YES_ERROR;
				GCC_WARN_UNDECLARED_SELECTOR = YES;
				GCC_WARN_UNINITIALIZED_AUTOS = YES_AGGRESSIVE;
				GCC_WARN_UNUSED_FUNCTION = YES;
				GCC_WARN_UNUSED_VARIABLE = YES;
				IPHONEOS_DEPLOYMENT_TARGET = 17.0;
				MTL_ENABLE_DEBUG_INFO = NO;
				MTL_FAST_MATH = YES;
				PRODUCT_NAME = "$(TARGET_NAME)";
				SDKROOT = iphoneos;
				SWIFT_COMPILATION_MODE = wholemodule;
				SWIFT_OPTIMIZATION_LEVEL = "-O";
				SWIFT_VERSION = 5.0;
			};
			name = Release;
		};
/* End XCBuildConfiguration section */

/* Begin XCConfigurationList section */
		A0350FBC0F42D5491A128944 /* Build configuration list for PBXNativeTarget "CodexControlPlaneApp" */ = {
			isa = XCConfigurationList;
			buildConfigurations = (
				25624F4E6E6BAAC13EECE693 /* Debug */,
				246A1A68D0CE0F09A0907261 /* Release */,
			);
			defaultConfigurationIsVisible = 0;
			defaultConfigurationName = Debug;
		};
		ECF68DDF1EF608AEF44636FF /* Build configuration list for PBXProject "CodexControlPlaneIPhone" */ = {
			isa = XCConfigurationList;
			buildConfigurations = (
				244DEC95C4555B13D46ED83F /* Debug */,
				7D0FF3C4C8FCF4C6C79474BB /* Release */,
			);
			defaultConfigurationIsVisible = 0;
			defaultConfigurationName = Debug;
		};
/* End XCConfigurationList section */
	};
	rootObject = 6A332555F07B2D84964C7E12 /* Project object */;
}
